
Microsoft Visual Studio Solution File, Format Version 12.00
# Visual Studio 15
Project("{D954291E-2A0B-460D-934E-DC6B0785DB48}") = "LeakCanaryTest", "LeakCanaryTest\LeakCanaryTest.shproj", "{83AFDB1A-E7CB-4B97-AE4C-67AC30D768D7}"
EndProject
Project("{FAE04EC0-301F-11D3-BF4B-00C04F79EFBC}") = "LeakCanaryTest.Droid", "Droid\LeakCanaryTest.Droid.csproj", "{2282D445-20D2-4BDF-8FF6-8EF1E275D383}"
EndProject
Global
	GlobalSection(SolutionConfigurationPlatforms) = preSolution
		Debug|Any CPU = Debug|Any CPU
		Release|Any CPU = Release|Any CPU
	EndGlobalSection
	GlobalSection(ProjectConfigurationPlatforms) = postSolution
		{2282D445-20D2-4BDF-8FF6-8EF1E275D383}.Debug|Any CPU.ActiveCfg = Debug|Any CPU
		{2282D445-20D2-4BDF-8FF6-8EF1E275D383}.Debug|Any CPU.Build.0 = Debug|Any CPU
		{2282D445-20D2-4BDF-8FF6-8EF1E275D383}.Release|Any CPU.ActiveCfg = Release|Any CPU
		{2282D445-20D2-4BDF-8FF6-8EF1E275D383}.Release|Any CPU.Build.0 = Release|Any CPU
	EndGlobalSection
EndGlobal
